
Microsoft Visual Studio Solution File, Format Version 12.00
# Visual Studio 15
VisualStudioVersion = 15.0.27428.2002
MinimumVisualStudioVersion = 10.0.40219.1
Project("{FAE04EC0-301F-11D3-BF4B-00C04F79EFBC}") = "Hackathon_2_06", "Hackathon_2_06\Hackathon_2_06.csproj", "{3F4BFC01-FD9C-4493-83F8-4D69F64F57F8}"
EndProject
Global
	GlobalSection(SolutionConfigurationPlatforms) = preSolution
		Debug|Any CPU = Debug|Any CPU
		Release|Any CPU = Release|Any CPU
	EndGlobalSection
	GlobalSection(ProjectConfigurationPlatforms) = postSolution
		{3F4BFC01-FD9C-4493-83F8-4D69F64F57F8}.Debug|Any CPU.ActiveCfg = Debug|Any CPU
		{3F4BFC01-FD9C-4493-83F8-4D69F64F57F8}.Debug|Any CPU.Build.0 = Debug|Any CPU
		{3F4BFC01-FD9C-4493-83F8-4D69F64F57F8}.Release|Any CPU.ActiveCfg = Release|Any CPU
		{3F4BFC01-FD9C-4493-83F8-4D69F64F57F8}.Release|Any CPU.Build.0 = Release|Any CPU
	EndGlobalSection
	GlobalSection(SolutionProperties) = preSolution
		HideSolutionNode = FALSE
	EndGlobalSection
	GlobalSection(ExtensibilityGlobals) = postSolution
		SolutionGuid = {527F72D5-2135-4B49-9625-7BD87E7586F7}
	EndGlobalSection
EndGlobal
